
Microsoft Visual Studio Solution File, Format Version 12.00
# Visual Studio 15
VisualStudioVersion = 15.0.28010.2046
MinimumVisualStudioVersion = 10.0.40219.1
Project("{FAE04EC0-301F-11D3-BF4B-00C04F79EFBC}") = "MeteorologyReport", "MeteorologyReport\MeteorologyReport.csproj", "{46BB022E-8770-4553-BACB-D0CDAF03DCD0}"
EndProject
Project("{9A19103F-16F7-4668-BE54-9A1E7A4F7556}") = "Meteorology.Infrastructure", "Meteorology.Infrastructure\Meteorology.Infrastructure.csproj", "{BBADC979-38EC-4F9D-BE79-624D05E688D2}"
EndProject
Project("{9A19103F-16F7-4668-BE54-9A1E7A4F7556}") = "Meteorology.Models", "Meteorology.Models\Meteorology.Models.csproj", "{A854AD12-B0B2-47B3-9049-1F0109E398D1}"
EndProject
Project("{9A19103F-16F7-4668-BE54-9A1E7A4F7556}") = "Meteorology.Services", "Meteorology.Services\Meteorology.Services.csproj", "{A0928CEA-44A2-41D7-AF77-A6AE92509454}"
EndProject
Project("{9A19103F-16F7-4668-BE54-9A1E7A4F7556}") = "Meteorology.Tests", "Meteorology.Tests\Meteorology.Tests.csproj", "{32104A15-5BD1-4C87-80E1-3DB40AFE3C13}"
EndProject
Global
	GlobalSection(SolutionConfigurationPlatforms) = preSolution
		Debug|Any CPU = Debug|Any CPU
		Release|Any CPU = Release|Any CPU
	EndGlobalSection
	GlobalSection(ProjectConfigurationPlatforms) = postSolution
		{46BB022E-8770-4553-BACB-D0CDAF03DCD0}.Debug|Any CPU.ActiveCfg = Debug|Any CPU
		{46BB022E-8770-4553-BACB-D0CDAF03DCD0}.Debug|Any CPU.Build.0 = Debug|Any CPU
		{46BB022E-8770-4553-BACB-D0CDAF03DCD0}.Release|Any CPU.ActiveCfg = Release|Any CPU
		{46BB022E-8770-4553-BACB-D0CDAF03DCD0}.Release|Any CPU.Build.0 = Release|Any CPU
		{BBADC979-38EC-4F9D-BE79-624D05E688D2}.Debug|Any CPU.ActiveCfg = Debug|Any CPU
		{BBADC979-38EC-4F9D-BE79-624D05E688D2}.Debug|Any CPU.Build.0 = Debug|Any CPU
		{BBADC979-38EC-4F9D-BE79-624D05E688D2}.Release|Any CPU.ActiveCfg = Release|Any CPU
		{BBADC979-38EC-4F9D-BE79-624D05E688D2}.Release|Any CPU.Build.0 = Release|Any CPU
		{A854AD12-B0B2-47B3-9049-1F0109E398D1}.Debug|Any CPU.ActiveCfg = Debug|Any CPU
		{A854AD12-B0B2-47B3-9049-1F0109E398D1}.Debug|Any CPU.Build.0 = Debug|Any CPU
		{A854AD12-B0B2-47B3-9049-1F0109E398D1}.Release|Any CPU.ActiveCfg = Release|Any CPU
		{A854AD12-B0B2-47B3-9049-1F0109E398D1}.Release|Any CPU.Build.0 = Release|Any CPU
		{A0928CEA-44A2-41D7-AF77-A6AE92509454}.Debug|Any CPU.ActiveCfg = Debug|Any CPU
		{A0928CEA-44A2-41D7-AF77-A6AE92509454}.Debug|Any CPU.Build.0 = Debug|Any CPU
		{A0928CEA-44A2-41D7-AF77-A6AE92509454}.Release|Any CPU.ActiveCfg = Release|Any CPU
		{A0928CEA-44A2-41D7-AF77-A6AE92509454}.Release|Any CPU.Build.0 = Release|Any CPU
		{32104A15-5BD1-4C87-80E1-3DB40AFE3C13}.Debug|Any CPU.ActiveCfg = Debug|Any CPU
		{32104A15-5BD1-4C87-80E1-3DB40AFE3C13}.Debug|Any CPU.Build.0 = Debug|Any CPU
		{32104A15-5BD1-4C87-80E1-3DB40AFE3C13}.Release|Any CPU.ActiveCfg = Release|Any CPU
		{32104A15-5BD1-4C87-80E1-3DB40AFE3C13}.Release|Any CPU.Build.0 = Release|Any CPU
	EndGlobalSection
	GlobalSection(SolutionProperties) = preSolution
		HideSolutionNode = FALSE
	EndGlobalSection
	GlobalSection(ExtensibilityGlobals) = postSolution
		SolutionGuid = {5B509840-57DE-4F38-B42E-976AF43EFF64}
	EndGlobalSection
EndGlobal
